github.com/LordMathis/hugo-theme-nightfall v0.7.1 h1:n8T4Eg/5ZJLXGWmRHHAZ9DrbIv0yXBATeNo/A3p8EoM=
github.com/LordMathis/hugo-theme-nightfall v0.7.1/go.mod h1:0tCPxAeg5+tWhv17517Q8Lti/TPh0KNyON/uferEU30=
github.com/hugo-sid/hugo-blog-awesome v1.19.0 h1:mKI+aTvXiFY6XSV/4VHdUsn82sL72Vh9OuBbYh3wy8U=
github.com/hugo-sid/hugo-blog-awesome v1.19.0/go.mod h1:3XVERF66wgQpTsruOajS5Swr+uvyTzov1acafNaqm1E=
github.com/hugomods/mermaid v0.1.4 h1:/u0FZRSBMpqTbDh4XPBL7c6p0DUjvIkoo9cC89GASSI=
github.com/hugomods/mermaid v0.1.4/go.mod h1:GOID2Ko1vdrX03ZMaFNQL/vdTU1tZmGcVjOgBN8O42Y=
